
Microsoft Visual Studio Solution File, Format Version 12.00
# Visual Studio Version 17
VisualStudioVersion = 17.4.33122.133
MinimumVisualStudioVersion = 10.0.40219.1
Project("{9A19103F-16F7-4668-BE54-9A1E7A4F7556}") = "SecretGiftExchange", "SecretGiftExchange\SecretGiftExchange.csproj", "{5CF532DF-A890-4CAF-8D89-55C1CB10BF03}"
EndProject
Project("{FAE04EC0-301F-11D3-BF4B-00C04F79EFBC}") = "SecretGiftExchange.Tests", "..\tests\SecretGiftExchange.Tests\SecretGiftExchange.Tests.csproj", "{BA6395AA-7F75-4A81-B38E-83445EB9F2BD}"
EndProject
Project("{FAE04EC0-301F-11D3-BF4B-00C04F79EFBC}") = "SecretGiftExchange.API", "SecretGiftExchange.API\SecretGiftExchange.API.csproj", "{59E68C90-2027-4CBA-94CB-EA0758243883}"
EndProject
Global
	GlobalSection(SolutionConfigurationPlatforms) = preSolution
		Debug|Any CPU = Debug|Any CPU
		Release|Any CPU = Release|Any CPU
	EndGlobalSection
	GlobalSection(ProjectConfigurationPlatforms) = postSolution
		{5CF532DF-A890-4CAF-8D89-55C1CB10BF03}.Debug|Any CPU.ActiveCfg = Debug|Any CPU
		{5CF532DF-A890-4CAF-8D89-55C1CB10BF03}.Debug|Any CPU.Build.0 = Debug|Any CPU
		{5CF532DF-A890-4CAF-8D89-55C1CB10BF03}.Release|Any CPU.ActiveCfg = Release|Any CPU
		{5CF532DF-A890-4CAF-8D89-55C1CB10BF03}.Release|Any CPU.Build.0 = Release|Any CPU
		{BA6395AA-7F75-4A81-B38E-83445EB9F2BD}.Debug|Any CPU.ActiveCfg = Debug|Any CPU
		{BA6395AA-7F75-4A81-B38E-83445EB9F2BD}.Debug|Any CPU.Build.0 = Debug|Any CPU
		{BA6395AA-7F75-4A81-B38E-83445EB9F2BD}.Release|Any CPU.ActiveCfg = Release|Any CPU
		{BA6395AA-7F75-4A81-B38E-83445EB9F2BD}.Release|Any CPU.Build.0 = Release|Any CPU
		{59E68C90-2027-4CBA-94CB-EA0758243883}.Debug|Any CPU.ActiveCfg = Debug|Any CPU
		{59E68C90-2027-4CBA-94CB-EA0758243883}.Debug|Any CPU.Build.0 = Debug|Any CPU
		{59E68C90-2027-4CBA-94CB-EA0758243883}.Release|Any CPU.ActiveCfg = Release|Any CPU
		{59E68C90-2027-4CBA-94CB-EA0758243883}.Release|Any CPU.Build.0 = Release|Any CPU
	EndGlobalSection
	GlobalSection(SolutionProperties) = preSolution
		HideSolutionNode = FALSE
	EndGlobalSection
	GlobalSection(ExtensibilityGlobals) = postSolution
		SolutionGuid = {E209712D-DF2C-4803-B7D4-C2DDFF94B177}
	EndGlobalSection
EndGlobal
